
Microsoft Visual Studio Solution File, Format Version 12.00
# Visual Studio Version 17
VisualStudioVersion = 17.10.35122.118
MinimumVisualStudioVersion = 10.0.40219.1
Project("{FAE04EC0-301F-11D3-BF4B-00C04F79EFBC}") = "WebApiProject", "test\WebApiProject.csproj", "{A8F7719A-C96A-4257-BAB4-ADC5F2BC7603}"
EndProject
Global
	GlobalSection(SolutionConfigurationPlatforms) = preSolution
		Debug|Any CPU = Debug|Any CPU
		Release|Any CPU = Release|Any CPU
	EndGlobalSection
	GlobalSection(ProjectConfigurationPlatforms) = postSolution
		{A8F7719A-C96A-4257-BAB4-ADC5F2BC7603}.Debug|Any CPU.ActiveCfg = Debug|Any CPU
		{A8F7719A-C96A-4257-BAB4-ADC5F2BC7603}.Debug|Any CPU.Build.0 = Debug|Any CPU
		{A8F7719A-C96A-4257-BAB4-ADC5F2BC7603}.Release|Any CPU.ActiveCfg = Release|Any CPU
		{A8F7719A-C96A-4257-BAB4-ADC5F2BC7603}.Release|Any CPU.Build.0 = Release|Any CPU
	EndGlobalSection
	GlobalSection(SolutionProperties) = preSolution
		HideSolutionNode = FALSE
	EndGlobalSection
	GlobalSection(ExtensibilityGlobals) = postSolution
		SolutionGuid = {E4E03C6D-80EE-4BFA-BA97-FAF54D0461FC}
	EndGlobalSection
EndGlobal
